version = 1
revision = 2
requires-python = ">=3.14"

[[package]]
name = "aiofiles"
version = "25.1.0"
source = { registry = "https://mirrors.ustc.edu.cn/pypi/simple" }
sdist = { url = "https://mirrors.ustc.edu.cn/pypi/packages/41/c3/534eac40372d8ee36ef40df62ec129bee4fdb5ad9706e58a29be53b2c970/aiofiles-25.1.0.tar.gz", hash = "sha256:a8d728f0a29de45dc521f18f07297428d56992a742f0cd2701ba86e44d23d5b2", size = 46354, upload-time = "2025-10-09T20:51:04.358Z" }
wheels = [
    { url = "https://mirrors.ustc.edu.cn/pypi/packages/bc/8a/340a1555ae33d7354dbca4faa54948d76d89a27ceef032c8c3bc661d003e/aiofiles-25.1.0-py3-none-any.whl", hash = "sha256:abe311e527c862958650f9438e859c1fa7568a141b22abcd015e120e86a85695", size = 14668, upload-time = "2025-10-09T20:51:03.174Z" },
]

[[package]]
name = "aiosqlite"
version = "0.17.0"
source = { registry = "https://mirrors.ustc.edu.cn/pypi/simple" }
dependencies = [
    { name = "typing-extensions" },
]
sdist = { url = "https://mirrors.ustc.edu.cn/pypi/packages/40/e0/ad1edd74311831ca71b32a5b83352b490d78d11a90a1cde04e1b6830e018/aiosqlite-0.17.0.tar.gz", hash = "sha256:f0e6acc24bc4864149267ac82fb46dfb3be4455f99fe21df82609cc6e6baee51", size = 25941, upload-time = "2021-02-22T01:01:10.45Z" }
wheels = [
    { url = "https://mirrors.ustc.edu.cn/pypi/packages/a0/48/77c0092f716c4bf9460dca44f5120f70b8f71f14a12f40d22551a7152719/aiosqlite-0.17.0-py3-none-any.whl", hash = "sha256:6c49dc6d3405929b1d08eeccc72306d3677503cc5e5e43771efc1e00232e8231", size = 15433, upload-time = "2021-02-22T01:01:07.698Z" },
]

[[package]]
name = "annotated-types"
version = "0.7.0"
source = { registry = "https://mirrors.ustc.edu.cn/pypi/simple" }
sdist = { url = "https://mirrors.ustc.edu.cn/pypi/packages/ee/67/531ea369ba64dcff5ec9c3402f9f51bf748cec26dde048a2f973a4eea7f5/annotated_types-0.7.0.tar.gz", hash = "sha256:aff07c09a53a08bc8cfccb9c85b05f1aa9a2a6f23728d790723543408344ce89", size = 16081, upload-time = "2024-05-20T21:33:25.928Z" }
wheels = [
    { url = "https://mirrors.ustc.edu.cn/pypi/packages/78/b6/6307fbef88d9b5ee7421e68d78a9f162e0da4900bc5f5793f6d3d0e34fb8/annotated_types-0.7.0-py3-none-any.whl", hash = "sha256:1f02e8b43a8fbbc3f3e0d4f0f4bfc8131bcb4eebe8849b8e5c773f3a1c582a53", size = 13643, upload-time = "2024-05-20T21:33:24.1Z" },
]

[[package]]
name = "html5tagger"
version = "1.3.0"
source = { registry = "https://mirrors.ustc.edu.cn/pypi/simple" }
sdist = { url = "https://mirrors.ustc.edu.cn/pypi/packages/9e/02/2ae5f46d517a2c1d4a17f2b1e4834c2c7cc0fb3a69c92389172fa16ab389/html5tagger-1.3.0.tar.gz", hash = "sha256:84fa3dfb49e5c83b79bbd856ab7b1de8e2311c3bb46a8be925f119e3880a8da9", size = 14196, upload-time = "2023-03-28T05:59:34.642Z" }
wheels = [
    { url = "https://mirrors.ustc.edu.cn/pypi/packages/9b/12/2f5d43ee912ea14a6baba4b3db6d309b02d932e3b7074c3339b4aded98ff/html5tagger-1.3.0-py3-none-any.whl", hash = "sha256:ce14313515edffec8ed8a36c5890d023922641171b4e6e5774ad1a74998f5351", size = 10956, upload-time = "2023-03-28T05:59:32.524Z" },
]

[[package]]
name = "httptools"
version = "0.7.1"
source = { registry = "https://mirrors.ustc.edu.cn/pypi/simple" }
sdist = { url = "https://mirrors.ustc.edu.cn/pypi/packages/b5/46/120a669232c7bdedb9d52d4aeae7e6c7dfe151e99dc70802e2fc7a5e1993/httptools-0.7.1.tar.gz", hash = "sha256:abd72556974f8e7c74a259655924a717a2365b236c882c3f6f8a45fe94703ac9", size = 258961, upload-time = "2025-10-10T03:55:08.559Z" }
wheels = [
    { url = "https://mirrors.ustc.edu.cn/pypi/packages/34/50/9d095fcbb6de2d523e027a2f304d4551855c2f46e0b82befd718b8b20056/httptools-0.7.1-cp314-cp314-macosx_10_13_universal2.whl", hash = "sha256:c08fe65728b8d70b6923ce31e3956f859d5e1e8548e6f22ec520a962c6757270", size = 203619, upload-time = "2025-10-10T03:54:54.321Z" },
    { url = "https://mirrors.ustc.edu.cn/pypi/packages/07/f0/89720dc5139ae54b03f861b5e2c55a37dba9a5da7d51e1e824a1f343627f/httptools-0.7.1-cp314-cp314-macosx_11_0_arm64.whl", hash = "sha256:7aea2e3c3953521c3c51106ee11487a910d45586e351202474d45472db7d72d3", size = 108714, upload-time = "2025-10-10T03:54:55.163Z" },
    { url = "https://mirrors.ustc.edu.cn/pypi/packages/b3/cb/eea88506f191fb552c11787c23f9a405f4c7b0c5799bf73f2249cd4f5228/httptools-0.7.1-cp314-cp314-manylinux1_x86_64.manylinux_2_28_x86_64.manylinux_2_5_x86_64.whl", hash = "sha256:0e68b8582f4ea9166be62926077a3334064d422cf08ab87d8b74664f8e9058e1", size = 472909, upload-time = "2025-10-10T03:54:56.056Z" },
    { url = "https://mirrors.ustc.edu.cn/pypi/packages/e0/4a/a548bdfae6369c0d078bab5769f7b66f17f1bfaa6fa28f81d6be6959066b/httptools-0.7.1-cp314-cp314-manylinux2014_aarch64.manylinux_2_17_aarch64.manylinux_2_28_aarch64.whl", hash = "sha256:df091cf961a3be783d6aebae963cc9b71e00d57fa6f149025075217bc6a55a7b", size = 470831, upload-time = "2025-10-10T03:54:57.219Z" },
    { url = "https://mirrors.ustc.edu.cn/pypi/packages/4d/31/14df99e1c43bd132eec921c2e7e11cda7852f65619bc0fc5bdc2d0cb126c/httptools-0.7.1-cp314-cp314-musllinux_1_2_aarch64.whl", hash = "sha256:f084813239e1eb403ddacd06a30de3d3e09a9b76e7894dcda2b22f8a726e9c60", size = 452631, upload-time = "2025-10-10T03:54:58.219Z" },
    { url = "https://mirrors.ustc.edu.cn/pypi/packages/22/d2/b7e131f7be8d854d48cb6d048113c30f9a46dca0c9a8b08fcb3fcd588cdc/httptools-0.7.1-cp314-cp314-musllinux_1_2_x86_64.whl", hash = "sha256:7347714368fb2b335e9063bc2b96f2f87a9ceffcd9758ac295f8bbcd3ffbc0ca", size = 452910, upload-time = "2025-10-10T03:54:59.366Z" },
    { url = "https://mirrors.ustc.edu.cn/pypi/packages/53/cf/878f3b91e4e6e011eff6d1fa9ca39f7eb17d19c9d7971b04873734112f30/httptools-0.7.1-cp314-cp314-win_amd64.whl", hash = "sha256:cfabda2a5bb85aa2a904ce06d974a3f30fb36cc63d7feaddec05d2050acede96", size = 88205, upload-time = "2025-10-10T03:55:00.389Z" },
]

[[package]]
name = "iso8601"
version = "1.1.0"
source = { registry = "https://mirrors.ustc.edu.cn/pypi/simple" }
sdist = { url = "https://mirrors.ustc.edu.cn/pypi/packages/31/8c/1c342fdd2f4af0857684d16af766201393ef53318c15fa785fcb6c3b7c32/iso8601-1.1.0.tar.gz", hash = "sha256:32811e7b81deee2063ea6d2e94f8819a86d1f3811e49d23623a41fa832bef03f", size = 12836, upload-time = "2022-09-28T14:52:51.354Z" }
wheels = [
    { url = "https://mirrors.ustc.edu.cn/pypi/packages/65/6c/9d72435c72adfa6e4ed1824b6df7fffbeaaf15c653881e9b041a318ba572/iso8601-1.1.0-py3-none-any.whl", hash = "sha256:8400e90141bf792bce2634df533dc57e3bee19ea120a87bebcd3da89a58ad73f", size = 9893, upload-time = "2022-09-28T14:52:50.046Z" },
]

[[package]]
name = "multidict"
version = "6.7.0"
source = { registry = "https://mirrors.ustc.edu.cn/pypi/simple" }
sdist = { url = "https://mirrors.ustc.edu.cn/pypi/packages/80/1e/5492c365f222f907de1039b91f922b93fa4f764c713ee858d235495d8f50/multidict-6.7.0.tar.gz", hash = "sha256:c6e99d9a65ca282e578dfea819cfa9c0a62b2499d8677392e09feaf305e9e6f5", size = 101834, upload-time = "2025-10-06T14:52:30.657Z" }
wheels = [
    { url = "https://mirrors.ustc.edu.cn/pypi/packages/e2/b1/3da6934455dd4b261d4c72f897e3a5728eba81db59959f3a639245891baa/multidict-6.7.0-cp314-cp314-macosx_10_13_universal2.whl", hash = "sha256:3bab1e4aff7adaa34410f93b1f8e57c4b36b9af0426a76003f441ee1d3c7e842", size = 75128, upload-time = "2025-10-06T14:50:51.92Z" },
    { url = "https://mirrors.ustc.edu.cn/pypi/packages/14/2c/f069cab5b51d175a1a2cb4ccdf7a2c2dabd58aa5bd933fa036a8d15e2404/multidict-6.7.0-cp314-cp314-macosx_10_13_x86_64.whl", hash = "sha256:b8512bac933afc3e45fb2b18da8e59b78d4f408399a960339598374d4ae3b56b", size = 44410, upload-time = "2025-10-06T14:50:53.275Z" },
    { url = "https://mirrors.ustc.edu.cn/pypi/packages/42/e2/64bb41266427af6642b6b128e8774ed84c11b80a90702c13ac0a86bb10cc/multidict-6.7.0-cp314-cp314-macosx_11_0_arm64.whl", hash = "sha256:79dcf9e477bc65414ebfea98ffd013cb39552b5ecd62908752e0e413d6d06e38", size = 43205, upload-time = "2025-10-06T14:50:54.911Z" },
    { url = "https://mirrors.ustc.edu.cn/pypi/packages/02/68/6b086fef8a3f1a8541b9236c594f0c9245617c29841f2e0395d979485cde/multidict-6.7.0-cp314-cp314-manylinux1_i686.manylinux_2_28_i686.manylinux_2_5_i686.whl", hash = "sha256:31bae522710064b5cbeddaf2e9f32b1abab70ac6ac91d42572502299e9953128", size = 245084, upload-time = "2025-10-06T14:50:56.369Z" },
    { url = "https://mirrors.ustc.edu.cn/pypi/packages/15/ee/f524093232007cd7a75c1d132df70f235cfd590a7c9eaccd7ff422ef4ae8/multidict-6.7.0-cp314-cp314-manylinux2014_aarch64.manylinux_2_17_aarch64.manylinux_2_28_aarch64.whl", hash = "sha256:4a0df7ff02397bb63e2fd22af2c87dfa39e8c7f12947bc524dbdc528282c7e34", size = 252667, upload-time = "2025-10-06T14:50:57.991Z" },
    { url = "https://mirrors.ustc.edu.cn/pypi/packages/02/a5/eeb3f43ab45878f1895118c3ef157a480db58ede3f248e29b5354139c2c9/multidict-6.7.0-cp314-cp314-manylinux2014_armv7l.manylinux_2_17_armv7l.manylinux_2_31_armv7l.whl", hash = "sha256:7a0222514e8e4c514660e182d5156a415c13ef0aabbd71682fc714e327b95e99", size = 233590, upload-time = "2025-10-06T14:50:59.589Z" },
    { url = "https://mirrors.ustc.edu.cn/pypi/packages/6a/1e/76d02f8270b97269d7e3dbd45644b1785bda457b474315f8cf999525a193/multidict-6.7.0-cp314-cp314-manylinux2014_ppc64le.manylinux_2_17_ppc64le.manylinux_2_28_ppc64le.whl", hash = "sha256:2397ab4daaf2698eb51a76721e98db21ce4f52339e535725de03ea962b5a3202", size = 264112, upload-time = "2025-10-06T14:51:01.183Z" },
    { url = "https://mirrors.ustc.edu.cn/pypi/packages/76/0b/c28a70ecb58963847c2a8efe334904cd254812b10e535aefb3bcce513918/multidict-6.7.0-cp314-cp314-manylinux2014_s390x.manylinux_2_17_s390x.manylinux_2_28_s390x.whl", hash = "sha256:8891681594162635948a636c9fe0ff21746aeb3dd5463f6e25d9bea3a8a39ca1", size = 261194, upload-time = "2025-10-06T14:51:02.794Z" },
    { url = "https://mirrors.ustc.edu.cn/pypi/packages/b4/63/2ab26e4209773223159b83aa32721b4021ffb08102f8ac7d689c943fded1/multidict-6.7.0-cp314-cp314-manylinux2014_x86_64.manylinux_2_17_x86_64.manylinux_2_28_x86_64.whl", hash = "sha256:18706cc31dbf402a7945916dd5cddf160251b6dab8a2c5f3d6d5a55949f676b3", size = 248510, upload-time = "2025-10-06T14:51:04.724Z" },
    { url = "https://mirrors.ustc.edu.cn/pypi/packages/93/cd/06c1fa8282af1d1c46fd55c10a7930af652afdce43999501d4d68664170c/multidict-6.7.0-cp314-cp314-musllinux_1_2_aarch64.whl", hash = "sha256:f844a1bbf1d207dd311a56f383f7eda2d0e134921d45751842d8235e7778965d", size = 248395, upload-time = "2025-10-06T14:51:06.306Z" },
    { url = "https://mirrors.ustc.edu.cn/pypi/packages/99/ac/82cb419dd6b04ccf9e7e61befc00c77614fc8134362488b553402ecd55ce/multidict-6.7.0-cp314-cp314-musllinux_1_2_armv7l.whl", hash = "sha256:d4393e3581e84e5645506923816b9cc81f5609a778c7e7534054091acc64d1c6", size = 239520, upload-time = "2025-10-06T14:51:08.091Z" },
    { url = "https://mirrors.ustc.edu.cn/pypi/packages/fa/f3/a0f9bf09493421bd8716a362e0cd1d244f5a6550f5beffdd6b47e885b331/multidict-6.7.0-cp314-cp314-musllinux_1_2_i686.whl", hash = "sha256:fbd18dc82d7bf274b37aa48d664534330af744e03bccf696d6f4c6042e7d19e7", size = 245479, upload-time = "2025-10-06T14:51:10.365Z" },
    { url = "https://mirrors.ustc.edu.cn/pypi/packages/8d/01/476d38fc73a212843f43c852b0eee266b6971f0e28329c2184a8df90c376/multidict-6.7.0-cp314-cp314-musllinux_1_2_ppc64le.whl", hash = "sha256:b6234e14f9314731ec45c42fc4554b88133ad53a09092cc48a88e771c125dadb", size = 258903, upload-time = "2025-10-06T14:51:12.466Z" },
    { url = "https://mirrors.ustc.edu.cn/pypi/packages/49/6d/23faeb0868adba613b817d0e69c5f15531b24d462af8012c4f6de4fa8dc3/multidict-6.7.0-cp314-cp314-musllinux_1_2_s390x.whl", hash = "sha256:08d4379f9744d8f78d98c8673c06e202ffa88296f009c71bbafe8a6bf847d01f", size = 252333, upload-time = "2025-10-06T14:51:14.48Z" },
    { url = "https://mirrors.ustc.edu.cn/pypi/packages/1e/cc/48d02ac22b30fa247f7dad82866e4b1015431092f4ba6ebc7e77596e0b18/multidict-6.7.0-cp314-cp314-musllinux_1_2_x86_64.whl", hash = "sha256:9fe04da3f79387f450fd0061d4dd2e45a72749d31bf634aecc9e27f24fdc4b3f", size = 243411, upload-time = "2025-10-06T14:51:16.072Z" },
    { url = "https://mirrors.ustc.edu.cn/pypi/packages/4a/03/29a8bf5a18abf1fe34535c88adbdfa88c9fb869b5a3b120692c64abe8284/multidict-6.7.0-cp314-cp314-win32.whl", hash = "sha256:fbafe31d191dfa7c4c51f7a6149c9fb7e914dcf9ffead27dcfd9f1ae382b3885", size = 40940, upload-time = "2025-10-06T14:51:17.544Z" },
    { url = "https://mirrors.ustc.edu.cn/pypi/packages/82/16/7ed27b680791b939de138f906d5cf2b4657b0d45ca6f5dd6236fdddafb1a/multidict-6.7.0-cp314-cp314-win_amd64.whl", hash = "sha256:2f67396ec0310764b9222a1728ced1ab638f61aadc6226f17a71dd9324f9a99c", size = 45087, upload-time = "2025-10-06T14:51:18.875Z" },
    { url = "https://mirrors.ustc.edu.cn/pypi/packages/cd/3c/e3e62eb35a1950292fe39315d3c89941e30a9d07d5d2df42965ab041da43/multidict-6.7.0-cp314-cp314-win_arm64.whl", hash = "sha256:ba672b26069957ee369cfa7fc180dde1fc6f176eaf1e6beaf61fbebbd3d9c000", size = 42368, upload-time = "2025-10-06T14:51:20.225Z" },
    { url = "https://mirrors.ustc.edu.cn/pypi/packages/8b/40/cd499bd0dbc5f1136726db3153042a735fffd0d77268e2ee20d5f33c010f/multidict-6.7.0-cp314-cp314t-macosx_10_13_universal2.whl", hash = "sha256:c1dcc7524066fa918c6a27d61444d4ee7900ec635779058571f70d042d86ed63", size = 82326, upload-time = "2025-10-06T14:51:21.588Z" },
    { url = "https://mirrors.ustc.edu.cn/pypi/packages/13/8a/18e031eca251c8df76daf0288e6790561806e439f5ce99a170b4af30676b/multidict-6.7.0-cp314-cp314t-macosx_10_13_x86_64.whl", hash = "sha256:27e0b36c2d388dc7b6ced3406671b401e84ad7eb0656b8f3a2f46ed0ce483718", size = 48065, upload-time = "2025-10-06T14:51:22.93Z" },
    { url = "https://mirrors.ustc.edu.cn/pypi/packages/40/71/5e6701277470a87d234e433fb0a3a7deaf3bcd92566e421e7ae9776319de/multidict-6.7.0-cp314-cp314t-macosx_11_0_arm64.whl", hash = "sha256:2a7baa46a22e77f0988e3b23d4ede5513ebec1929e34ee9495be535662c0dfe2", size = 46475, upload-time = "2025-10-06T14:51:24.352Z" },
    { url = "https://mirrors.ustc.edu.cn/pypi/packages/fe/6a/bab00cbab6d9cfb57afe1663318f72ec28289ea03fd4e8236bb78429893a/multidict-6.7.0-cp314-cp314t-manylinux1_i686.manylinux_2_28_i686.manylinux_2_5_i686.whl", hash = "sha256:7bf77f54997a9166a2f5675d1201520586439424c2511723a7312bdb4bcc034e", size = 239324, upload-time = "2025-10-06T14:51:25.822Z" },
    { url = "https://mirrors.ustc.edu.cn/pypi/packages/2a/5f/8de95f629fc22a7769ade8b41028e3e5a822c1f8904f618d175945a81ad3/multidict-6.7.0-cp314-cp314t-manylinux2014_aarch64.manylinux_2_17_aarch64.manylinux_2_28_aarch64.whl", hash = "sha256:e011555abada53f1578d63389610ac8a5400fc70ce71156b0aa30d326f1a5064", size = 246877, upload-time = "2025-10-06T14:51:27.604Z" },
    { url = "https://mirrors.ustc.edu.cn/pypi/packages/23/b4/38881a960458f25b89e9f4a4fdcb02ac101cfa710190db6e5528841e67de/multidict-6.7.0-cp314-cp314t-manylinux2014_armv7l.manylinux_2_17_armv7l.manylinux_2_31_armv7l.whl", hash = "sha256:28b37063541b897fd6a318007373930a75ca6d6ac7c940dbe14731ffdd8d498e", size = 225824, upload-time = "2025-10-06T14:51:29.664Z" },
    { url = "https://mirrors.ustc.edu.cn/pypi/packages/1e/39/6566210c83f8a261575f18e7144736059f0c460b362e96e9cf797a24b8e7/multidict-6.7.0-cp314-cp314t-manylinux2014_ppc64le.manylinux_2_17_ppc64le.manylinux_2_28_ppc64le.whl", hash = "sha256:05047ada7a2fde2631a0ed706f1fd68b169a681dfe5e4cf0f8e4cb6618bbc2cd", size = 253558, upload-time = "2025-10-06T14:51:31.684Z" },
    { url = "https://mirrors.ustc.edu.cn/pypi/packages/00/a3/67f18315100f64c269f46e6c0319fa87ba68f0f64f2b8e7fd7c72b913a0b/multidict-6.7.0-cp314-cp314t-manylinux2014_s390x.manylinux_2_17_s390x.manylinux_2_28_s390x.whl", hash = "sha256:716133f7d1d946a4e1b91b1756b23c088881e70ff180c24e864c26192ad7534a", size = 252339, upload-time = "2025-10-06T14:51:33.699Z" },
    { url = "https://mirrors.ustc.edu.cn/pypi/packages/c8/2a/1cb77266afee2458d82f50da41beba02159b1d6b1f7973afc9a1cad1499b/multidict-6.7.0-cp314-cp314t-manylinux2014_x86_64.manylinux_2_17_x86_64.manylinux_2_28_x86_64.whl", hash = "sha256:d1bed1b467ef657f2a0ae62844a607909ef1c6889562de5e1d505f74457d0b96", size = 244895, upload-time = "2025-10-06T14:51:36.189Z" },
    { url = "https://mirrors.ustc.edu.cn/pypi/packages/dd/72/09fa7dd487f119b2eb9524946ddd36e2067c08510576d43ff68469563b3b/multidict-6.7.0-cp314-cp314t-musllinux_1_2_aarch64.whl", hash = "sha256:ca43bdfa5d37bd6aee89d85e1d0831fb86e25541be7e9d376ead1b28974f8e5e", size = 241862, upload-time = "2025-10-06T14:51:41.291Z" },
    { url = "https://mirrors.ustc.edu.cn/pypi/packages/65/92/bc1f8bd0853d8669300f732c801974dfc3702c3eeadae2f60cef54dc69d7/multidict-6.7.0-cp314-cp314t-musllinux_1_2_armv7l.whl", hash = "sha256:44b546bd3eb645fd26fb949e43c02a25a2e632e2ca21a35e2e132c8105dc8599", size = 232376, upload-time = "2025-10-06T14:51:43.55Z" },
    { url = "https://mirrors.ustc.edu.cn/pypi/packages/09/86/ac39399e5cb9d0c2ac8ef6e10a768e4d3bc933ac808d49c41f9dc23337eb/multidict-6.7.0-cp314-cp314t-musllinux_1_2_i686.whl", hash = "sha256:a6ef16328011d3f468e7ebc326f24c1445f001ca1dec335b2f8e66bed3006394", size = 240272, upload-time = "2025-10-06T14:51:45.265Z" },
    { url = "https://mirrors.ustc.edu.cn/pypi/packages/3d/b6/fed5ac6b8563ec72df6cb1ea8dac6d17f0a4a1f65045f66b6d3bf1497c02/multidict-6.7.0-cp314-cp314t-musllinux_1_2_ppc64le.whl", hash = "sha256:5aa873cbc8e593d361ae65c68f85faadd755c3295ea2c12040ee146802f23b38", size = 248774, upload-time = "2025-10-06T14:51:46.836Z" },
    { url = "https://mirrors.ustc.edu.cn/pypi/packages/6b/8d/b954d8c0dc132b68f760aefd45870978deec6818897389dace00fcde32ff/multidict-6.7.0-cp314-cp314t-musllinux_1_2_s390x.whl", hash = "sha256:3d7b6ccce016e29df4b7ca819659f516f0bc7a4b3efa3bb2012ba06431b044f9", size = 242731, upload-time = "2025-10-06T14:51:48.541Z" },
    { url = "https://mirrors.ustc.edu.cn/pypi/packages/16/9d/a2dac7009125d3540c2f54e194829ea18ac53716c61b655d8ed300120b0f/multidict-6.7.0-cp314-cp314t-musllinux_1_2_x86_64.whl", hash = "sha256:171b73bd4ee683d307599b66793ac80981b06f069b62eea1c9e29c9241aa66b0", size = 240193, upload-time = "2025-10-06T14:51:50.355Z" },
    { url = "https://mirrors.ustc.edu.cn/pypi/packages/39/ca/c05f144128ea232ae2178b008d5011d4e2cea86e4ee8c85c2631b1b94802/multidict-6.7.0-cp314-cp314t-win32.whl", hash = "sha256:b2d7f80c4e1fd010b07cb26820aae86b7e73b681ee4889684fb8d2d4537aab13", size = 48023, upload-time = "2025-10-06T14:51:51.883Z" },
    { url = "https://mirrors.ustc.edu.cn/pypi/packages/ba/8f/0a60e501584145588be1af5cc829265701ba3c35a64aec8e07cbb71d39bb/multidict-6.7.0-cp314-cp314t-win_amd64.whl", hash = "sha256:09929cab6fcb68122776d575e03c6cc64ee0b8fca48d17e135474b042ce515cd", size = 53507, upload-time = "2025-10-06T14:51:53.672Z" },
    { url = "https://mirrors.ustc.edu.cn/pypi/packages/7f/ae/3148b988a9c6239903e786eac19c889fab607c31d6efa7fb2147e5680f23/multidict-6.7.0-cp314-cp314t-win_arm64.whl", hash = "sha256:cc41db090ed742f32bd2d2c721861725e6109681eddf835d0a82bd3a5c382827", size = 44804, upload-time = "2025-10-06T14:51:55.415Z" },
    { url = "https://mirrors.ustc.edu.cn/pypi/packages/b7/da/7d22601b625e241d4f23ef1ebff8acfc60da633c9e7e7922e24d10f592b3/multidict-6.7.0-py3-none-any.whl", hash = "sha256:394fc5c42a333c9ffc3e421a4c85e08580d990e08b99f6bf35b4132114c5dcb3", size = 12317, upload-time = "2025-10-06T14:52:29.272Z" },
]

[[package]]
name = "pydantic"
version = "2.12.5"
source = { registry = "https://mirrors.ustc.edu.cn/pypi/simple" }
dependencies = [
    { name = "annotated-types" },
    { name = "pydantic-core" },
    { name = "typing-extensions" },
    { name = "typing-inspection" },
]
sdist = { url = "https://mirrors.ustc.edu.cn/pypi/packages/69/44/36f1a6e523abc58ae5f928898e4aca2e0ea509b5aa6f6f392a5d882be928/pydantic-2.12.5.tar.gz", hash = "sha256:4d351024c75c0f085a9febbb665ce8c0c6ec5d30e903bdb6394b7ede26aebb49", size = 821591, upload-time = "2025-11-26T15:11:46.471Z" }
wheels = [
    { url = "https://mirrors.ustc.edu.cn/pypi/packages/5a/87/b70ad306ebb6f9b585f114d0ac2137d792b48be34d732d60e597c2f8465a/pydantic-2.12.5-py3-none-any.whl", hash = "sha256:e561593fccf61e8a20fc46dfc2dfe075b8be7d0188df33f221ad1f0139180f9d", size = 463580, upload-time = "2025-11-26T15:11:44.605Z" },
]

[[package]]
name = "pydantic-core"
version = "2.41.5"
source = { registry = "https://mirrors.ustc.edu.cn/pypi/simple" }
dependencies = [
    { name = "typing-extensions" },
]
sdist = { url = "https://mirrors.ustc.edu.cn/pypi/packages/71/70/23b021c950c2addd24ec408e9ab05d59b035b39d97cdc1130e1bce647bb6/pydantic_core-2.41.5.tar.gz", hash = "sha256:08daa51ea16ad373ffd5e7606252cc32f07bc72b28284b6bc9c6df804816476e", size = 460952, upload-time = "2025-11-04T13:43:49.098Z" }
wheels = [
    { url = "https://mirrors.ustc.edu.cn/pypi/packages/ea/28/46b7c5c9635ae96ea0fbb779e271a38129df2550f763937659ee6c5dbc65/pydantic_core-2.41.5-cp314-cp314-macosx_10_12_x86_64.whl", hash = "sha256:3f37a19d7ebcdd20b96485056ba9e8b304e27d9904d233d7b1015db320e51f0a", size = 2119622, upload-time = "2025-11-04T13:40:56.68Z" },
    { url = "https://mirrors.ustc.edu.cn/pypi/packages/74/1a/145646e5687e8d9a1e8d09acb278c8535ebe9e972e1f162ed338a622f193/pydantic_core-2.41.5-cp314-cp314-macosx_11_0_arm64.whl", hash = "sha256:1d1d9764366c73f996edd17abb6d9d7649a7eb690006ab6adbda117717099b14", size = 1891725, upload-time = "2025-11-04T13:40:58.807Z" },
    { url = "https://mirrors.ustc.edu.cn/pypi/packages/23/04/e89c29e267b8060b40dca97bfc64a19b2a3cf99018167ea1677d96368273/pydantic_core-2.41.5-cp314-cp314-manylinux_2_17_aarch64.manylinux2014_aarch64.whl", hash = "sha256:25e1c2af0fce638d5f1988b686f3b3ea8cd7de5f244ca147c777769e798a9cd1", size = 1915040, upload-time = "2025-11-04T13:41:00.853Z" },
    { url = "https://mirrors.ustc.edu.cn/pypi/packages/84/a3/15a82ac7bd97992a82257f777b3583d3e84bdb06ba6858f745daa2ec8a85/pydantic_core-2.41.5-cp314-cp314-manylinux_2_17_armv7l.manylinux2014_armv7l.whl", hash = "sha256:506d766a8727beef16b7adaeb8ee6217c64fc813646b424d0804d67c16eddb66", size = 2063691, upload-time = "2025-11-04T13:41:03.504Z" },
    { url = "https://mirrors.ustc.edu.cn/pypi/packages/74/9b/0046701313c6ef08c0c1cf0e028c67c770a4e1275ca73131563c5f2a310a/pydantic_core-2.41.5-cp314-cp314-manylinux_2_17_ppc64le.manylinux2014_ppc64le.whl", hash = "sha256:4819fa52133c9aa3c387b3328f25c1facc356491e6135b459f1de698ff64d869", size = 2213897, upload-time = "2025-11-04T13:41:05.804Z" },
    { url = "https://mirrors.ustc.edu.cn/pypi/packages/8a/cd/6bac76ecd1b27e75a95ca3a9a559c643b3afcd2dd62086d4b7a32a18b169/pydantic_core-2.41.5-cp314-cp314-manylinux_2_17_s390x.manylinux2014_s390x.whl", hash = "sha256:2b761d210c9ea91feda40d25b4efe82a1707da2ef62901466a42492c028553a2", size = 2333302, upload-time = "2025-11-04T13:41:07.809Z" },
    { url = "https://mirrors.ustc.edu.cn/pypi/packages/4c/d2/ef2074dc020dd6e109611a8be4449b98cd25e1b9b8a303c2f0fca2f2bcf7/pydantic_core-2.41.5-cp314-cp314-manylinux_2_17_x86_64.manylinux2014_x86_64.whl", hash = "sha256:22f0fb8c1c583a3b6f24df2470833b40207e907b90c928cc8d3594b76f874375", size = 2064877, upload-time = "2025-11-04T13:41:09.827Z" },
    { url = "https://mirrors.ustc.edu.cn/pypi/packages/18/66/e9db17a9a763d72f03de903883c057b2592c09509ccfe468187f2a2eef29/pydantic_core-2.41.5-cp314-cp314-manylinux_2_5_i686.manylinux1_i686.whl", hash = "sha256:2782c870e99878c634505236d81e5443092fba820f0373997ff75f90f68cd553", size = 2180680, upload-time = "2025-11-04T13:41:12.379Z" },
    { url = "https://mirrors.ustc.edu.cn/pypi/packages/d3/9e/3ce66cebb929f3ced22be85d4c2399b8e85b622db77dad36b73c5387f8f8/pydantic_core-2.41.5-cp314-cp314-musllinux_1_1_aarch64.whl", hash = "sha256:0177272f88ab8312479336e1d777f6b124537d47f2123f89cb37e0accea97f90", size = 2138960, upload-time = "2025-11-04T13:41:14.627Z" },
    { url = "https://mirrors.ustc.edu.cn/pypi/packages/a6/62/205a998f4327d2079326b01abee48e502ea739d174f0a89295c481a2272e/pydantic_core-2.41.5-cp314-cp314-musllinux_1_1_armv7l.whl", hash = "sha256:63510af5e38f8955b8ee5687740d6ebf7c2a0886d15a6d65c32814613681bc07", size = 2339102, upload-time = "2025-11-04T13:41:16.868Z" },
    { url = "https://mirrors.ustc.edu.cn/pypi/packages/3c/0d/f05e79471e889d74d3d88f5bd20d0ed189ad94c2423d81ff8d0000aab4ff/pydantic_core-2.41.5-cp314-cp314-musllinux_1_1_x86_64.whl", hash = "sha256:e56ba91f47764cc14f1daacd723e3e82d1a89d783f0f5afe9c364b8bb491ccdb", size = 2326039, upload-time = "2025-11-04T13:41:18.934Z" },
    { url = "https://mirrors.ustc.edu.cn/pypi/packages/ec/e1/e08a6208bb100da7e0c4b288eed624a703f4d129bde2da475721a80cab32/pydantic_core-2.41.5-cp314-cp314-win32.whl", hash = "sha256:aec5cf2fd867b4ff45b9959f8b20ea3993fc93e63c7363fe6851424c8a7e7c23", size = 1995126, upload-time = "2025-11-04T13:41:21.418Z" },
    { url = "https://mirrors.ustc.edu.cn/pypi/packages/48/5d/56ba7b24e9557f99c9237e29f5c09913c81eeb2f3217e40e922353668092/pydantic_core-2.41.5-cp314-cp314-win_amd64.whl", hash = "sha256:8e7c86f27c585ef37c35e56a96363ab8de4e549a95512445b85c96d3e2f7c1bf", size = 2015489, upload-time = "2025-11-04T13:41:24.076Z" },
    { url = "https://mirrors.ustc.edu.cn/pypi/packages/4e/bb/f7a190991ec9e3e0ba22e4993d8755bbc4a32925c0b5b42775c03e8148f9/pydantic_core-2.41.5-cp314-cp314-win_arm64.whl", hash = "sha256:e672ba74fbc2dc8eea59fb6d4aed6845e6905fc2a8afe93175d94a83ba2a01a0", size = 1977288, upload-time = "2025-11-04T13:41:26.33Z" },
    { url = "https://mirrors.ustc.edu.cn/pypi/packages/92/ed/77542d0c51538e32e15afe7899d79efce4b81eee631d99850edc2f5e9349/pydantic_core-2.41.5-cp314-cp314t-macosx_10_12_x86_64.whl", hash = "sha256:8566def80554c3faa0e65ac30ab0932b9e3a5cd7f8323764303d468e5c37595a", size = 2120255, upload-time = "2025-11-04T13:41:28.569Z" },
    { url = "https://mirrors.ustc.edu.cn/pypi/packages/bb/3d/6913dde84d5be21e284439676168b28d8bbba5600d838b9dca99de0fad71/pydantic_core-2.41.5-cp314-cp314t-macosx_11_0_arm64.whl", hash = "sha256:b80aa5095cd3109962a298ce14110ae16b8c1aece8b72f9dafe81cf597ad80b3", size = 1863760, upload-time = "2025-11-04T13:41:31.055Z" },
    { url = "https://mirrors.ustc.edu.cn/pypi/packages/5a/f0/e5e6b99d4191da102f2b0eb9687aaa7f5bea5d9964071a84effc3e40f997/pydantic_core-2.41.5-cp314-cp314t-manylinux_2_17_aarch64.manylinux2014_aarch64.whl", hash = "sha256:3006c3dd9ba34b0c094c544c6006cc79e87d8612999f1a5d43b769b89181f23c", size = 1878092, upload-time = "2025-11-04T13:41:33.21Z" },
    { url = "https://mirrors.ustc.edu.cn/pypi/packages/71/48/36fb760642d568925953bcc8116455513d6e34c4beaa37544118c36aba6d/pydantic_core-2.41.5-cp314-cp314t-manylinux_2_17_armv7l.manylinux2014_armv7l.whl", hash = "sha256:72f6c8b11857a856bcfa48c86f5368439f74453563f951e473514579d44aa612", size = 2053385, upload-time = "2025-11-04T13:41:35.508Z" },
    { url = "https://mirrors.ustc.edu.cn/pypi/packages/20/25/92dc684dd8eb75a234bc1c764b4210cf2646479d54b47bf46061657292a8/pydantic_core-2.41.5-cp314-cp314t-manylinux_2_17_ppc64le.manylinux2014_ppc64le.whl", hash = "sha256:5cb1b2f9742240e4bb26b652a5aeb840aa4b417c7748b6f8387927bc6e45e40d", size = 2218832, upload-time = "2025-11-04T13:41:37.732Z" },
    { url = "https://mirrors.ustc.edu.cn/pypi/packages/e2/09/f53e0b05023d3e30357d82eb35835d0f6340ca344720a4599cd663dca599/pydantic_core-2.41.5-cp314-cp314t-manylinux_2_17_s390x.manylinux2014_s390x.whl", hash = "sha256:bd3d54f38609ff308209bd43acea66061494157703364ae40c951f83ba99a1a9", size = 2327585, upload-time = "2025-11-04T13:41:40Z" },
    { url = "https://mirrors.ustc.edu.cn/pypi/packages/aa/4e/2ae1aa85d6af35a39b236b1b1641de73f5a6ac4d5a7509f77b814885760c/pydantic_core-2.41.5-cp314-cp314t-manylinux_2_17_x86_64.manylinux2014_x86_64.whl", hash = "sha256:2ff4321e56e879ee8d2a879501c8e469414d948f4aba74a2d4593184eb326660", size = 2041078, upload-time = "2025-11-04T13:41:42.323Z" },
    { url = "https://mirrors.ustc.edu.cn/pypi/packages/cd/13/2e215f17f0ef326fc72afe94776edb77525142c693767fc347ed6288728d/pydantic_core-2.41.5-cp314-cp314t-manylinux_2_5_i686.manylinux1_i686.whl", hash = "sha256:d0d2568a8c11bf8225044aa94409e21da0cb09dcdafe9ecd10250b2baad531a9", size = 2173914, upload-time = "2025-11-04T13:41:45.221Z" },
    { url = "https://mirrors.ustc.edu.cn/pypi/packages/02/7a/f999a6dcbcd0e5660bc348a3991c8915ce6599f4f2c6ac22f01d7a10816c/pydantic_core-2.41.5-cp314-cp314t-musllinux_1_1_aarch64.whl", hash = "sha256:a39455728aabd58ceabb03c90e12f71fd30fa69615760a075b9fec596456ccc3", size = 2129560, upload-time = "2025-11-04T13:41:47.474Z" },
    { url = "https://mirrors.ustc.edu.cn/pypi/packages/3a/b1/6c990ac65e3b4c079a4fb9f5b05f5b013afa0f4ed6780a3dd236d2cbdc64/pydantic_core-2.41.5-cp314-cp314t-musllinux_1_1_armv7l.whl", hash = "sha256:239edca560d05757817c13dc17c50766136d21f7cd0fac50295499ae24f90fdf", size = 2329244, upload-time = "2025-11-04T13:41:49.992Z" },
    { url = "https://mirrors.ustc.edu.cn/pypi/packages/d9/02/3c562f3a51afd4d88fff8dffb1771b30cfdfd79befd9883ee094f5b6c0d8/pydantic_core-2.41.5-cp314-cp314t-musllinux_1_1_x86_64.whl", hash = "sha256:2a5e06546e19f24c6a96a129142a75cee553cc018ffee48a460059b1185f4470", size = 2331955, upload-time = "2025-11-04T13:41:54.079Z" },
    { url = "https://mirrors.ustc.edu.cn/pypi/packages/5c/96/5fb7d8c3c17bc8c62fdb031c47d77a1af698f1d7a406b0f79aaa1338f9ad/pydantic_core-2.41.5-cp314-cp314t-win32.whl", hash = "sha256:b4ececa40ac28afa90871c2cc2b9ffd2ff0bf749380fbdf57d165fd23da353aa", size = 1988906, upload-time = "2025-11-04T13:41:56.606Z" },
    { url = "https://mirrors.ustc.edu.cn/pypi/packages/22/ed/182129d83032702912c2e2d8bbe33c036f342cc735737064668585dac28f/pydantic_core-2.41.5-cp314-cp314t-win_amd64.whl", hash = "sha256:80aa89cad80b32a912a65332f64a4450ed00966111b6615ca6816153d3585a8c", size = 1981607, upload-time = "2025-11-04T13:41:58.889Z" },
    { url = "https://mirrors.ustc.edu.cn/pypi/packages/9f/ed/068e41660b832bb0b1aa5b58011dea2a3fe0ba7861ff38c4d4904c1c1a99/pydantic_core-2.41.5-cp314-cp314t-win_arm64.whl", hash = "sha256:35b44f37a3199f771c3eaa53051bc8a70cd7b54f333531c59e29fd4db5d15008", size = 1974769, upload-time = "2025-11-04T13:42:01.186Z" },
]

[[package]]
name = "pypika-tortoise"
version = "0.1.6"
source = { registry = "https://mirrors.ustc.edu.cn/pypi/simple" }
sdist = { url = "https://mirrors.ustc.edu.cn/pypi/packages/86/55/1bfd4150f664d2e07b36c8f442178cc1f717bb9ae6cae20f21e851c208c6/pypika-tortoise-0.1.6.tar.gz", hash = "sha256:d802868f479a708e3263724c7b5719a26ad79399b2a70cea065f4a4cadbebf36", size = 38491, upload-time = "2022-07-11T09:22:33.325Z" }
wheels = [
    { url = "https://mirrors.ustc.edu.cn/pypi/packages/81/9e/cdeeceb107cb255cb039823dea80410df0b65c7372bd69ef178fea8287d5/pypika_tortoise-0.1.6-py3-none-any.whl", hash = "sha256:2d68bbb7e377673743cff42aa1059f3a80228d411fbcae591e4465e173109fd8", size = 47782, upload-time = "2022-07-11T09:22:32.309Z" },
]

[[package]]
name = "pytz"
version = "2025.2"
source = { registry = "https://mirrors.ustc.edu.cn/pypi/simple" }
sdist = { url = "https://mirrors.ustc.edu.cn/pypi/packages/f8/bf/abbd3cdfb8fbc7fb3d4d38d320f2441b1e7cbe29be4f23797b4a2b5d8aac/pytz-2025.2.tar.gz", hash = "sha256:360b9e3dbb49a209c21ad61809c7fb453643e048b38924c765813546746e81c3", size = 320884, upload-time = "2025-03-25T02:25:00.538Z" }
wheels = [
    { url = "https://mirrors.ustc.edu.cn/pypi/packages/81/c4/34e93fe5f5429d7570ec1fa436f1986fb1f00c3e0f43a589fe2bbcd22c3f/pytz-2025.2-py2.py3-none-any.whl", hash = "sha256:5ddf76296dd8c44c26eb8f4b6f35488f3ccbf6fbbd7adee0b7262d43f0ec2f00", size = 509225, upload-time = "2025-03-25T02:24:58.468Z" },
]

[[package]]
name = "sanic"
version = "24.6.0"
source = { registry = "https://mirrors.ustc.edu.cn/pypi/simple" }
dependencies = [
    { name = "aiofiles" },
    { name = "html5tagger" },
    { name = "httptools" },
    { name = "multidict" },
    { name = "sanic-routing" },
    { name = "setuptools" },
    { name = "tracerite" },
    { name = "typing-extensions" },
    { name = "ujson", marker = "implementation_name == 'cpython' and sys_platform != 'win32'" },
    { name = "uvloop", marker = "implementation_name == 'cpython' and sys_platform != 'win32'" },
    { name = "websockets" },
]
sdist = { url = "https://mirrors.ustc.edu.cn/pypi/packages/37/00/d252369495fe3bc876fb7c269ec204800b6f66fdd9083d4dd29ee7539130/sanic-24.6.0.tar.gz", hash = "sha256:2e0841e2c8c28e68a0e6fc570c42aafbbe3b385d7141b9f96997d9d6c17d7afb", size = 351992, upload-time = "2024-06-30T12:22:24.31Z" }
wheels = [
    { url = "https://mirrors.ustc.edu.cn/pypi/packages/76/88/4c61ced275fa8978775e4380c423250161470ef5b418e94685128f161102/sanic-24.6.0-py3-none-any.whl", hash = "sha256:e2c6b392e213d85d9843cf27c64e3f2dacb3ec5c31c8c7ade4c404cd3030e994", size = 244941, upload-time = "2024-06-30T12:22:21.987Z" },
]

[[package]]
name = "sanic-boot"
version = "0.0.4.2"
source = { editable = "." }
dependencies = [
    { name = "sanic" },
    { name = "tortoise-orm" },
]

[package.metadata]
requires-dist = [
    { name = "sanic", specifier = "<=25.3.0" },
    { name = "tortoise-orm", specifier = "<=0.25.3" },
]

[[package]]
name = "sanic-routing"
version = "23.12.0"
source = { registry = "https://mirrors.ustc.edu.cn/pypi/simple" }
sdist = { url = "https://mirrors.ustc.edu.cn/pypi/packages/d1/5c/2a7edd14fbccca3719a8d680951d4b25f986752c781c61ccf156a6d1ebff/sanic-routing-23.12.0.tar.gz", hash = "sha256:1dcadc62c443e48c852392dba03603f9862b6197fc4cba5bbefeb1ace0848b04", size = 29473, upload-time = "2023-12-31T09:28:36.992Z" }
wheels = [
    { url = "https://mirrors.ustc.edu.cn/pypi/packages/cf/e3/3425c9a8773807ac2c01d6a56c8521733f09b627e5827e733c5cd36b9ac5/sanic_routing-23.12.0-py3-none-any.whl", hash = "sha256:1558a72afcb9046ed3134a5edae02fc1552cff08f0fff2e8d5de0877ea43ed73", size = 25522, upload-time = "2023-12-31T09:28:35.233Z" },
]

[[package]]
name = "setuptools"
version = "80.9.0"
source = { registry = "https://mirrors.ustc.edu.cn/pypi/simple" }
sdist = { url = "https://mirrors.ustc.edu.cn/pypi/packages/18/5d/3bf57dcd21979b887f014ea83c24ae194cfcd12b9e0fda66b957c69d1fca/setuptools-80.9.0.tar.gz", hash = "sha256:f36b47402ecde768dbfafc46e8e4207b4360c654f1f3bb84475f0a28628fb19c", size = 1319958, upload-time = "2025-05-27T00:56:51.443Z" }
wheels = [
    { url = "https://mirrors.ustc.edu.cn/pypi/packages/a3/dc/17031897dae0efacfea57dfd3a82fdd2a2aeb58e0ff71b77b87e44edc772/setuptools-80.9.0-py3-none-any.whl", hash = "sha256:062d34222ad13e0cc312a4c02d73f059e86a4acbfbdea8f8f76b28c99f306922", size = 1201486, upload-time = "2025-05-27T00:56:49.664Z" },
]

[[package]]
name = "tortoise-orm"
version = "0.21.4"
source = { registry = "https://mirrors.ustc.edu.cn/pypi/simple" }
dependencies = [
    { name = "aiosqlite" },
    { name = "iso8601" },
    { name = "pydantic" },
    { name = "pypika-tortoise" },
    { name = "pytz" },
]
sdist = { url = "https://mirrors.ustc.edu.cn/pypi/packages/b9/c4/39dde4fb7a466192ecccf7c93796e4bd5a224513e097bfcbc469bd08257e/tortoise_orm-0.21.4.tar.gz", hash = "sha256:1d6a4ed450ac831e5f520c369c6ba8e0ff947c8e34b4edd40ba8a94c4efcd0aa", size = 137178, upload-time = "2024-07-03T10:36:43.656Z" }
wheels = [
    { url = "https://mirrors.ustc.edu.cn/pypi/packages/db/bf/b403be312429f01c89df66ec648086d5197e8be34f3aabd8ffc93e74fdc1/tortoise_orm-0.21.4-py3-none-any.whl", hash = "sha256:2ade41ae1d9c7279adb9c69199357cb1dce9380c4c880c32713f99c1e057ce5f", size = 174071, upload-time = "2024-07-03T10:36:39.586Z" },
]

[[package]]
name = "tracerite"
version = "1.1.3"
source = { registry = "https://mirrors.ustc.edu.cn/pypi/simple" }
dependencies = [
    { name = "html5tagger" },
]
sdist = { url = "https://mirrors.ustc.edu.cn/pypi/packages/27/b2/37b825b881f23bc56384c3142214ccbe5d9de7e7c5fe3d155fa032738b98/tracerite-1.1.3.tar.gz", hash = "sha256:119fc006f240aa03fffb41cf99cf82fda5c0449c7d4b6fe42c6340403578b31e", size = 269646, upload-time = "2025-06-19T17:47:42.289Z" }
wheels = [
    { url = "https://mirrors.ustc.edu.cn/pypi/packages/e6/bf/c65d36ec5a93048dd55b3247be26059970daad72263e35ecace2f3188b2c/tracerite-1.1.3-py3-none-any.whl", hash = "sha256:811d8e2e0fb563b77340eebe2e9f7b324acfe01e09ea58db8bcaecb24327c823", size = 12422, upload-time = "2025-06-19T17:47:40.173Z" },
]

[[package]]
name = "typing-extensions"
version = "4.15.0"
source = { registry = "https://mirrors.ustc.edu.cn/pypi/simple" }
sdist = { url = "https://mirrors.ustc.edu.cn/pypi/packages/72/94/1a15dd82efb362ac84269196e94cf00f187f7ed21c242792a923cdb1c61f/typing_extensions-4.15.0.tar.gz", hash = "sha256:0cea48d173cc12fa28ecabc3b837ea3cf6f38c6d1136f85cbaaf598984861466", size = 109391, upload-time = "2025-08-25T13:49:26.313Z" }
wheels = [
    { url = "https://mirrors.ustc.edu.cn/pypi/packages/18/67/36e9267722cc04a6b9f15c7f3441c2363321a3ea07da7ae0c0707beb2a9c/typing_extensions-4.15.0-py3-none-any.whl", hash = "sha256:f0fa19c6845758ab08074a0cfa8b7aecb71c999ca73d62883bc25cc018c4e548", size = 44614, upload-time = "2025-08-25T13:49:24.86Z" },
]

[[package]]
name = "typing-inspection"
version = "0.4.2"
source = { registry = "https://mirrors.ustc.edu.cn/pypi/simple" }
dependencies = [
    { name = "typing-extensions" },
]
sdist = { url = "https://mirrors.ustc.edu.cn/pypi/packages/55/e3/70399cb7dd41c10ac53367ae42139cf4b1ca5f36bb3dc6c9d33acdb43655/typing_inspection-0.4.2.tar.gz", hash = "sha256:ba561c48a67c5958007083d386c3295464928b01faa735ab8547c5692e87f464", size = 75949, upload-time = "2025-10-01T02:14:41.687Z" }
wheels = [
    { url = "https://mirrors.ustc.edu.cn/pypi/packages/dc/9b/47798a6c91d8bdb567fe2698fe81e0c6b7cb7ef4d13da4114b41d239f65d/typing_inspection-0.4.2-py3-none-any.whl", hash = "sha256:4ed1cacbdc298c220f1bd249ed5287caa16f34d44ef4e9c3d0cbad5b521545e7", size = 14611, upload-time = "2025-10-01T02:14:40.154Z" },
]

[[package]]
name = "ujson"
version = "5.11.0"
source = { registry = "https://mirrors.ustc.edu.cn/pypi/simple" }
sdist = { url = "https://mirrors.ustc.edu.cn/pypi/packages/43/d9/3f17e3c5773fb4941c68d9a37a47b1a79c9649d6c56aefbed87cc409d18a/ujson-5.11.0.tar.gz", hash = "sha256:e204ae6f909f099ba6b6b942131cee359ddda2b6e4ea39c12eb8b991fe2010e0", size = 7156583, upload-time = "2025-08-20T11:57:02.452Z" }
wheels = [
    { url = "https://mirrors.ustc.edu.cn/pypi/packages/28/08/4518146f4984d112764b1dfa6fb7bad691c44a401adadaa5e23ccd930053/ujson-5.11.0-cp314-cp314-macosx_10_13_x86_64.whl", hash = "sha256:65724738c73645db88f70ba1f2e6fb678f913281804d5da2fd02c8c5839af302", size = 55462, upload-time = "2025-08-20T11:56:04.873Z" },
    { url = "https://mirrors.ustc.edu.cn/pypi/packages/29/37/2107b9a62168867a692654d8766b81bd2fd1e1ba13e2ec90555861e02b0c/ujson-5.11.0-cp314-cp314-macosx_11_0_arm64.whl", hash = "sha256:29113c003ca33ab71b1b480bde952fbab2a0b6b03a4ee4c3d71687cdcbd1a29d", size = 53246, upload-time = "2025-08-20T11:56:06.054Z" },
    { url = "https://mirrors.ustc.edu.cn/pypi/packages/9b/f8/25583c70f83788edbe3ca62ce6c1b79eff465d78dec5eb2b2b56b3e98b33/ujson-5.11.0-cp314-cp314-manylinux_2_24_aarch64.manylinux_2_28_aarch64.whl", hash = "sha256:c44c703842024d796b4c78542a6fcd5c3cb948b9fc2a73ee65b9c86a22ee3638", size = 57631, upload-time = "2025-08-20T11:56:07.374Z" },
    { url = "https://mirrors.ustc.edu.cn/pypi/packages/ed/ca/19b3a632933a09d696f10dc1b0dfa1d692e65ad507d12340116ce4f67967/ujson-5.11.0-cp314-cp314-manylinux_2_24_i686.manylinux_2_28_i686.whl", hash = "sha256:e750c436fb90edf85585f5c62a35b35082502383840962c6983403d1bd96a02c", size = 59877, upload-time = "2025-08-20T11:56:08.534Z" },
    { url = "https://mirrors.ustc.edu.cn/pypi/packages/55/7a/4572af5324ad4b2bfdd2321e898a527050290147b4ea337a79a0e4e87ec7/ujson-5.11.0-cp314-cp314-manylinux_2_24_x86_64.manylinux_2_28_x86_64.whl", hash = "sha256:f278b31a7c52eb0947b2db55a5133fbc46b6f0ef49972cd1a80843b72e135aba", size = 57363, upload-time = "2025-08-20T11:56:09.758Z" },
    { url = "https://mirrors.ustc.edu.cn/pypi/packages/7b/71/a2b8c19cf4e1efe53cf439cdf7198ac60ae15471d2f1040b490c1f0f831f/ujson-5.11.0-cp314-cp314-musllinux_1_2_aarch64.whl", hash = "sha256:ab2cb8351d976e788669c8281465d44d4e94413718af497b4e7342d7b2f78018", size = 1036394, upload-time = "2025-08-20T11:56:11.168Z" },
    { url = "https://mirrors.ustc.edu.cn/pypi/packages/7a/3e/7b98668cba3bb3735929c31b999b374ebc02c19dfa98dfebaeeb5c8597ca/ujson-5.11.0-cp314-cp314-musllinux_1_2_i686.whl", hash = "sha256:090b4d11b380ae25453100b722d0609d5051ffe98f80ec52853ccf8249dfd840", size = 1195837, upload-time = "2025-08-20T11:56:12.6Z" },
    { url = "https://mirrors.ustc.edu.cn/pypi/packages/a1/ea/8870f208c20b43571a5c409ebb2fe9b9dba5f494e9e60f9314ac01ea8f78/ujson-5.11.0-cp314-cp314-musllinux_1_2_x86_64.whl", hash = "sha256:80017e870d882d5517d28995b62e4e518a894f932f1e242cbc802a2fd64d365c", size = 1088837, upload-time = "2025-08-20T11:56:14.15Z" },
    { url = "https://mirrors.ustc.edu.cn/pypi/packages/6e/cd/e9809b064a89fe5c4184649adeb13c1b98652db3f8518980b04227358574/ujson-5.11.0-cp314-cp314t-macosx_10_13_x86_64.whl", hash = "sha256:de6e88f62796372fba1de973c11138f197d3e0e1d80bcb2b8aae1e826096d433", size = 55759, upload-time = "2025-08-20T11:56:18.882Z" },
    { url = "https://mirrors.ustc.edu.cn/pypi/packages/1b/be/ae26a6321179ebbb3a2e2685b9007c71bcda41ad7a77bbbe164005e956fc/ujson-5.11.0-cp314-cp314t-macosx_11_0_arm64.whl", hash = "sha256:49e56ef8066f11b80d620985ae36869a3ff7e4b74c3b6129182ec5d1df0255f3", size = 53634, upload-time = "2025-08-20T11:56:20.012Z" },
    { url = "https://mirrors.ustc.edu.cn/pypi/packages/ae/e9/fb4a220ee6939db099f4cfeeae796ecb91e7584ad4d445d4ca7f994a9135/ujson-5.11.0-cp314-cp314t-manylinux_2_24_aarch64.manylinux_2_28_aarch64.whl", hash = "sha256:1a325fd2c3a056cf6c8e023f74a0c478dd282a93141356ae7f16d5309f5ff823", size = 58547, upload-time = "2025-08-20T11:56:21.175Z" },
    { url = "https://mirrors.ustc.edu.cn/pypi/packages/bd/f8/fc4b952b8f5fea09ea3397a0bd0ad019e474b204cabcb947cead5d4d1ffc/ujson-5.11.0-cp314-cp314t-manylinux_2_24_i686.manylinux_2_28_i686.whl", hash = "sha256:a0af6574fc1d9d53f4ff371f58c96673e6d988ed2b5bf666a6143c782fa007e9", size = 60489, upload-time = "2025-08-20T11:56:22.342Z" },
    { url = "https://mirrors.ustc.edu.cn/pypi/packages/2e/e5/af5491dfda4f8b77e24cf3da68ee0d1552f99a13e5c622f4cef1380925c3/ujson-5.11.0-cp314-cp314t-manylinux_2_24_x86_64.manylinux_2_28_x86_64.whl", hash = "sha256:10f29e71ecf4ecd93a6610bd8efa8e7b6467454a363c3d6416db65de883eb076", size = 58035, upload-time = "2025-08-20T11:56:23.92Z" },
    { url = "https://mirrors.ustc.edu.cn/pypi/packages/c4/09/0945349dd41f25cc8c38d78ace49f14c5052c5bbb7257d2f466fa7bdb533/ujson-5.11.0-cp314-cp314t-musllinux_1_2_aarch64.whl", hash = "sha256:1a0a9b76a89827a592656fe12e000cf4f12da9692f51a841a4a07aa4c7ecc41c", size = 1037212, upload-time = "2025-08-20T11:56:25.274Z" },
    { url = "https://mirrors.ustc.edu.cn/pypi/packages/49/44/8e04496acb3d5a1cbee3a54828d9652f67a37523efa3d3b18a347339680a/ujson-5.11.0-cp314-cp314t-musllinux_1_2_i686.whl", hash = "sha256:b16930f6a0753cdc7d637b33b4e8f10d5e351e1fb83872ba6375f1e87be39746", size = 1196500, upload-time = "2025-08-20T11:56:27.517Z" },
    { url = "https://mirrors.ustc.edu.cn/pypi/packages/64/ae/4bc825860d679a0f208a19af2f39206dfd804ace2403330fdc3170334a2f/ujson-5.11.0-cp314-cp314t-musllinux_1_2_x86_64.whl", hash = "sha256:04c41afc195fd477a59db3a84d5b83a871bd648ef371cf8c6f43072d89144eef", size = 1089487, upload-time = "2025-08-20T11:56:29.07Z" },
]

[[package]]
name = "uvloop"
version = "0.22.1"
source = { registry = "https://mirrors.ustc.edu.cn/pypi/simple" }
sdist = { url = "https://mirrors.ustc.edu.cn/pypi/packages/06/f0/18d39dbd1971d6d62c4629cc7fa67f74821b0dc1f5a77af43719de7936a7/uvloop-0.22.1.tar.gz", hash = "sha256:6c84bae345b9147082b17371e3dd5d42775bddce91f885499017f4607fdaf39f", size = 2443250, upload-time = "2025-10-16T22:17:19.342Z" }
wheels = [
    { url = "https://mirrors.ustc.edu.cn/pypi/packages/90/cd/b62bdeaa429758aee8de8b00ac0dd26593a9de93d302bff3d21439e9791d/uvloop-0.22.1-cp314-cp314-macosx_10_13_universal2.whl", hash = "sha256:3879b88423ec7e97cd4eba2a443aa26ed4e59b45e6b76aabf13fe2f27023a142", size = 1362067, upload-time = "2025-10-16T22:16:44.503Z" },
    { url = "https://mirrors.ustc.edu.cn/pypi/packages/0d/f8/a132124dfda0777e489ca86732e85e69afcd1ff7686647000050ba670689/uvloop-0.22.1-cp314-cp314-macosx_10_13_x86_64.whl", hash = "sha256:4baa86acedf1d62115c1dc6ad1e17134476688f08c6efd8a2ab076e815665c74", size = 752423, upload-time = "2025-10-16T22:16:45.968Z" },
    { url = "https://mirrors.ustc.edu.cn/pypi/packages/a3/94/94af78c156f88da4b3a733773ad5ba0b164393e357cc4bd0ab2e2677a7d6/uvloop-0.22.1-cp314-cp314-manylinux2014_aarch64.manylinux_2_17_aarch64.manylinux_2_28_aarch64.whl", hash = "sha256:297c27d8003520596236bdb2335e6b3f649480bd09e00d1e3a99144b691d2a35", size = 4272437, upload-time = "2025-10-16T22:16:47.451Z" },
    { url = "https://mirrors.ustc.edu.cn/pypi/packages/b5/35/60249e9fd07b32c665192cec7af29e06c7cd96fa1d08b84f012a56a0b38e/uvloop-0.22.1-cp314-cp314-manylinux2014_x86_64.manylinux_2_17_x86_64.manylinux_2_28_x86_64.whl", hash = "sha256:c1955d5a1dd43198244d47664a5858082a3239766a839b2102a269aaff7a4e25", size = 4292101, upload-time = "2025-10-16T22:16:49.318Z" },
    { url = "https://mirrors.ustc.edu.cn/pypi/packages/02/62/67d382dfcb25d0a98ce73c11ed1a6fba5037a1a1d533dcbb7cab033a2636/uvloop-0.22.1-cp314-cp314-musllinux_1_2_aarch64.whl", hash = "sha256:b31dc2fccbd42adc73bc4e7cdbae4fc5086cf378979e53ca5d0301838c5682c6", size = 4114158, upload-time = "2025-10-16T22:16:50.517Z" },
    { url = "https://mirrors.ustc.edu.cn/pypi/packages/f0/7a/f1171b4a882a5d13c8b7576f348acfe6074d72eaf52cccef752f748d4a9f/uvloop-0.22.1-cp314-cp314-musllinux_1_2_x86_64.whl", hash = "sha256:93f617675b2d03af4e72a5333ef89450dfaa5321303ede6e67ba9c9d26878079", size = 4177360, upload-time = "2025-10-16T22:16:52.646Z" },
    { url = "https://mirrors.ustc.edu.cn/pypi/packages/79/7b/b01414f31546caf0919da80ad57cbfe24c56b151d12af68cee1b04922ca8/uvloop-0.22.1-cp314-cp314t-macosx_10_13_universal2.whl", hash = "sha256:37554f70528f60cad66945b885eb01f1bb514f132d92b6eeed1c90fd54ed6289", size = 1454790, upload-time = "2025-10-16T22:16:54.355Z" },
    { url = "https://mirrors.ustc.edu.cn/pypi/packages/d4/31/0bb232318dd838cad3fa8fb0c68c8b40e1145b32025581975e18b11fab40/uvloop-0.22.1-cp314-cp314t-macosx_10_13_x86_64.whl", hash = "sha256:b76324e2dc033a0b2f435f33eb88ff9913c156ef78e153fb210e03c13da746b3", size = 796783, upload-time = "2025-10-16T22:16:55.906Z" },
    { url = "https://mirrors.ustc.edu.cn/pypi/packages/42/38/c9b09f3271a7a723a5de69f8e237ab8e7803183131bc57c890db0b6bb872/uvloop-0.22.1-cp314-cp314t-manylinux2014_aarch64.manylinux_2_17_aarch64.manylinux_2_28_aarch64.whl", hash = "sha256:badb4d8e58ee08dad957002027830d5c3b06aea446a6a3744483c2b3b745345c", size = 4647548, upload-time = "2025-10-16T22:16:57.008Z" },
    { url = "https://mirrors.ustc.edu.cn/pypi/packages/c1/37/945b4ca0ac27e3dc4952642d4c900edd030b3da6c9634875af6e13ae80e5/uvloop-0.22.1-cp314-cp314t-manylinux2014_x86_64.manylinux_2_17_x86_64.manylinux_2_28_x86_64.whl", hash = "sha256:b91328c72635f6f9e0282e4a57da7470c7350ab1c9f48546c0f2866205349d21", size = 4467065, upload-time = "2025-10-16T22:16:58.206Z" },
    { url = "https://mirrors.ustc.edu.cn/pypi/packages/97/cc/48d232f33d60e2e2e0b42f4e73455b146b76ebe216487e862700457fbf3c/uvloop-0.22.1-cp314-cp314t-musllinux_1_2_aarch64.whl", hash = "sha256:daf620c2995d193449393d6c62131b3fbd40a63bf7b307a1527856ace637fe88", size = 4328384, upload-time = "2025-10-16T22:16:59.36Z" },
    { url = "https://mirrors.ustc.edu.cn/pypi/packages/e4/16/c1fd27e9549f3c4baf1dc9c20c456cd2f822dbf8de9f463824b0c0357e06/uvloop-0.22.1-cp314-cp314t-musllinux_1_2_x86_64.whl", hash = "sha256:6cde23eeda1a25c75b2e07d39970f3374105d5eafbaab2a4482be82f272d5a5e", size = 4296730, upload-time = "2025-10-16T22:17:00.744Z" },
]

[[package]]
name = "websockets"
version = "15.0.1"
source = { registry = "https://mirrors.ustc.edu.cn/pypi/simple" }
sdist = { url = "https://mirrors.ustc.edu.cn/pypi/packages/21/e6/26d09fab466b7ca9c7737474c52be4f76a40301b08362eb2dbc19dcc16c1/websockets-15.0.1.tar.gz", hash = "sha256:82544de02076bafba038ce055ee6412d68da13ab47f0c60cab827346de828dee", size = 177016, upload-time = "2025-03-05T20:03:41.606Z" }
wheels = [
    { url = "https://mirrors.ustc.edu.cn/pypi/packages/fa/a8/5b41e0da817d64113292ab1f8247140aac61cbf6cfd085d6a0fa77f4984f/websockets-15.0.1-py3-none-any.whl", hash = "sha256:f7a866fbc1e97b5c617ee4116daaa09b722101d4a3c170c787450ba409f9736f", size = 169743, upload-time = "2025-03-05T20:03:39.41Z" },
]
